// !$*UTF8*$!
{
	archiveVersion = 1;
	classes = {
	};
	objectVersion = 50;
	objects = {

/* Begin PBXBuildFile section */
		7687FF8F20E32B28006F2CD0 /* ViperCountPresenter.m in Sources */ = {isa = PBXBuildFile; fileRef = 7687FF8E20E32B28006F2CD0 /* ViperCountPresenter.m */; };
		7687FF9220E32C0B006F2CD0 /* ViperCountInteractor.m in Sources */ = {isa = PBXBuildFile; fileRef = 7687FF9120E32C0B006F2CD0 /* ViperCountInteractor.m */; };
		76FA7D4E20D3BF2B00845BD0 /* AppDelegate.m in Sources */ = {isa = PBXBuildFile; fileRef = 76FA7D4D20D3BF2B00845BD0 /* AppDelegate.m */; };
		76FA7D5120D3BF2B00845BD0 /* ViewController.m in Sources */ = {isa = PBXBuildFile; fileRef = 76FA7D5020D3BF2B00845BD0 /* ViewController.m */; };
		76FA7D5420D3BF2B00845BD0 /* Main.storyboard in Resources */ = {isa = PBXBuildFile; fileRef = 76FA7D5220D3BF2B00845BD0 /* Main.storyboard */; };
		76FA7D5620D3BF2D00845BD0 /* Assets.xcassets in Resources */ = {isa = PBXBuildFile; fileRef = 76FA7D5520D3BF2D00845BD0 /* Assets.xcassets */; };
		76FA7D5920D3BF2D00845BD0 /* LaunchScreen.storyboard in Resources */ = {isa = PBXBuildFile; fileRef = 76FA7D5720D3BF2D00845BD0 /* LaunchScreen.storyboard */; };
		76FA7D5C20D3BF2D00845BD0 /* main.m in Sources */ = {isa = PBXBuildFile; fileRef = 76FA7D5B20D3BF2D00845BD0 /* main.m */; };
/* End PBXBuildFile section */

/* Begin PBXFileReference section */
		7687FF8C20E32A36006F2CD0 /* ViperCountView.h */ = {isa = PBXFileReference; lastKnownFileType = sourcecode.c.h; path = ViperCountView.h; sourceTree = "<group>"; };
		7687FF8D20E32B28006F2CD0 /* ViperCountPresenter.h */ = {isa = PBXFileReference; lastKnownFileType = sourcecode.c.h; path = ViperCountPresenter.h; sourceTree = "<group>"; };
		7687FF8E20E32B28006F2CD0 /* ViperCountPresenter.m */ = {isa = PBXFileReference; lastKnownFileType = sourcecode.c.objc; path = ViperCountPresenter.m; sourceTree = "<group>"; };
		7687FF9020E32C0B006F2CD0 /* ViperCountInteractor.h */ = {isa = PBXFileReference; lastKnownFileType = sourcecode.c.h; path = ViperCountInteractor.h; sourceTree = "<group>"; };
		7687FF9120E32C0B006F2CD0 /* ViperCountInteractor.m */ = {isa = PBXFileReference; lastKnownFileType = sourcecode.c.objc; path = ViperCountInteractor.m; sourceTree = "<group>"; };
		7687FF9320E32CBB006F2CD0 /* ViperInteractorIO.h */ = {isa = PBXFileReference; lastKnownFileType = sourcecode.c.h; path = ViperInteractorIO.h; sourceTree = "<group>"; };
		76FA7D4920D3BF2B00845BD0 /* ViperSample.app */ = {isa = PBXFileReference; explicitFileType = wrapper.application; includeInIndex = 0; path = ViperSample.app; sourceTree = BUILT_PRODUCTS_DIR; };
		76FA7D4C20D3BF2B00845BD0 /* AppDelegate.h */ = {isa = PBXFileReference; lastKnownFileType = sourcecode.c.h; path = AppDelegate.h; sourceTree = "<group>"; };
		76FA7D4D20D3BF2B00845BD0 /* AppDelegate.m */ = {isa = PBXFileReference; lastKnownFileType = sourcecode.c.objc; path = AppDelegate.m; sourceTree = "<group>"; };
		76FA7D4F20D3BF2B00845BD0 /* ViewController.h */ = {isa = PBXFileReference; lastKnownFileType = sourcecode.c.h; path = ViewController.h; sourceTree = "<group>"; };
		76FA7D5020D3BF2B00845BD0 /* ViewController.m */ = {isa = PBXFileReference; lastKnownFileType = sourcecode.c.objc; path = ViewController.m; sourceTree = "<group>"; };
		76FA7D5320D3BF2B00845BD0 /* Base */ = {isa = PBXFileReference; lastKnownFileType = file.storyboard; name = Base; path = Base.lproj/Main.storyboard; sourceTree = "<group>"; };
		76FA7D5520D3BF2D00845BD0 /* Assets.xcassets */ = {isa = PBXFileReference; lastKnownFileType = folder.assetcatalog; path = Assets.xcassets; sourceTree = "<group>"; };
		76FA7D5820D3BF2D00845BD0 /* Base */ = {isa = PBXFileReference; lastKnownFileType = file.storyboard; name = Base; path = Base.lproj/LaunchScreen.storyboard; sourceTree = "<group>"; };
		76FA7D5A20D3BF2D00845BD0 /* Info.plist */ = {isa = PBXFileReference; lastKnownFileType = text.plist.xml; path = Info.plist; sourceTree = "<group>"; };
		76FA7D5B20D3BF2D00845BD0 /* main.m */ = {isa = PBXFileReference; lastKnownFileType = sourcecode.c.objc; path = main.m; sourceTree = "<group>"; };
/* End PBXFileReference section */

/* Begin PBXFrameworksBuildPhase section */
		76FA7D4620D3BF2B00845BD0 /* Frameworks */ = {
			isa = PBXFrameworksBuildPhase;
			buildActionMask = 2147483647;
			files = (
			);
			runOnlyForDeploymentPostprocessing = 0;
		};
/* End PBXFrameworksBuildPhase section */

/* Begin PBXGroup section */
		7687FF8B20E329FF006F2CD0 /* ViperCore */ = {
			isa = PBXGroup;
			children = (
				7687FF8C20E32A36006F2CD0 /* ViperCountView.h */,
				7687FF8D20E32B28006F2CD0 /* ViperCountPresenter.h */,
				7687FF8E20E32B28006F2CD0 /* ViperCountPresenter.m */,
				7687FF9020E32C0B006F2CD0 /* ViperCountInteractor.h */,
				7687FF9120E32C0B006F2CD0 /* ViperCountInteractor.m */,
				7687FF9320E32CBB006F2CD0 /* ViperInteractorIO.h */,
			);
			path = ViperCore;
			sourceTree = "<group>";
		};
		76FA7D4020D3BF2B00845BD0 = {
			isa = PBXGroup;
			children = (
				76FA7D4B20D3BF2B00845BD0 /* ViperSample */,
				76FA7D4A20D3BF2B00845BD0 /* Products */,
			);
			sourceTree = "<group>";
		};
		76FA7D4A20D3BF2B00845BD0 /* Products */ = {
			isa = PBXGroup;
			children = (
				76FA7D4920D3BF2B00845BD0 /* ViperSample.app */,
			);
			name = Products;
			sourceTree = "<group>";
		};
		76FA7D4B20D3BF2B00845BD0 /* ViperSample */ = {
			isa = PBXGroup;
			children = (
				7687FF8B20E329FF006F2CD0 /* ViperCore */,
				76FA7D4C20D3BF2B00845BD0 /* AppDelegate.h */,
				76FA7D4D20D3BF2B00845BD0 /* AppDelegate.m */,
				76FA7D4F20D3BF2B00845BD0 /* ViewController.h */,
				76FA7D5020D3BF2B00845BD0 /* ViewController.m */,
				76FA7D5220D3BF2B00845BD0 /* Main.storyboard */,
				76FA7D5520D3BF2D00845BD0 /* Assets.xcassets */,
				76FA7D5720D3BF2D00845BD0 /* LaunchScreen.storyboard */,
				76FA7D5A20D3BF2D00845BD0 /* Info.plist */,
				76FA7D5B20D3BF2D00845BD0 /* main.m */,
			);
			path = ViperSample;
			sourceTree = "<group>";
		};
/* End PBXGroup section */

/* Begin PBXNativeTarget section */
		76FA7D4820D3BF2B00845BD0 /* ViperSample */ = {
			isa = PBXNativeTarget;
			buildConfigurationList = 76FA7D5F20D3BF2D00845BD0 /* Build configuration list for PBXNativeTarget "ViperSample" */;
			buildPhases = (
				76FA7D4520D3BF2B00845BD0 /* Sources */,
				76FA7D4620D3BF2B00845BD0 /* Frameworks */,
				76FA7D4720D3BF2B00845BD0 /* Resources */,
			);
			buildRules = (
			);
			dependencies = (
			);
			name = ViperSample;
			productName = ViperSample;
			productReference = 76FA7D4920D3BF2B00845BD0 /* ViperSample.app */;
			productType = "com.apple.product-type.application";
		};
/* End PBXNativeTarget section */

/* Begin PBXProject section */
		76FA7D4120D3BF2B00845BD0 /* Project object */ = {
			isa = PBXProject;
			attributes = {
				LastUpgradeCheck = 0940;
				ORGANIZATIONNAME = "Robin Wong";
				TargetAttributes = {
					76FA7D4820D3BF2B00845BD0 = {
						CreatedOnToolsVersion = 9.4;
					};
				};
			};
			buildConfigurationList = 76FA7D4420D3BF2B00845BD0 /* Build configuration list for PBXProject "ViperSample" */;
			compatibilityVersion = "Xcode 9.3";
			developmentRegion = en;
			hasScannedForEncodings = 0;
			knownRegions = (
				en,
				Base,
			);
			mainGroup = 76FA7D4020D3BF2B00845BD0;
			productRefGroup = 76FA7D4A20D3BF2B00845BD0 /* Products */;
			projectDirPath = "";
			projectRoot = "";
			targets = (
				76FA7D4820D3BF2B00845BD0 /* ViperSample */,
			);
		};
/* End PBXProject section */

/* Begin PBXResourcesBuildPhase section */
		76FA7D4720D3BF2B00845BD0 /* Resources */ = {
			isa = PBXResourcesBuildPhase;
			buildActionMask = 2147483647;
			files = (
				76FA7D5920D3BF2D00845BD0 /* LaunchScreen.storyboard in Resources */,
				76FA7D5620D3BF2D00845BD0 /* Assets.xcassets in Resources */,
				76FA7D5420D3BF2B00845BD0 /* Main.storyboard in Resources */,
			);
			runOnlyForDeploymentPostprocessing = 0;
		};
/* End PBXResourcesBuildPhase section */

/* Begin PBXSourcesBuildPhase section */
		76FA7D4520D3BF2B00845BD0 /* Sources */ = {
			isa = PBXSourcesBuildPhase;
			buildActionMask = 2147483647;
			files = (
				76FA7D5120D3BF2B00845BD0 /* ViewController.m in Sources */,
				76FA7D5C20D3BF2D00845BD0 /* main.m in Sources */,
				76FA7D4E20D3BF2B00845BD0 /* AppDelegate.m in Sources */,
				7687FF9220E32C0B006F2CD0 /* ViperCountInteractor.m in Sources */,
				7687FF8F20E32B28006F2CD0 /* ViperCountPresenter.m in Sources */,
			);
			runOnlyForDeploymentPostprocessing = 0;
		};
/* End PBXSourcesBuildPhase section */

/* Begin PBXVariantGroup section */
		76FA7D5220D3BF2B00845BD0 /* Main.storyboard */ = {
			isa = PBXVariantGroup;
			children = (
				76FA7D5320D3BF2B00845BD0 /* Base */,
			);
			name = Main.storyboard;
			sourceTree = "<group>";
		};
		76FA7D5720D3BF2D00845BD0 /* LaunchScreen.storyboard */ = {
			isa = PBXVariantGroup;
			children = (
				76FA7D5820D3BF2D00845BD0 /* Base */,
			);
			name = LaunchScreen.storyboard;
			sourceTree = "<group>";
		};
/* End PBXVariantGroup section */

/* Begin XCBuildConfiguration section */
		76FA7D5D20D3BF2D00845BD0 /* Debug */ = {
			isa = XCBuildConfiguration;
			buildSettings = {
				ALWAYS_SEARCH_USER_PATHS = NO;
				CLANG_ANALYZER_NONNULL = YES;
				CLANG_ANALYZER_NUMBER_OBJECT_CONVERSION = YES_AGGRESSIVE;
				CLANG_CXX_LANGUAGE_STANDARD = "gnu++14";
				CLANG_CXX_LIBRARY = "libc++";
				CLANG_ENABLE_MODULES = YES;
				CLANG_ENABLE_OBJC_ARC = YES;
				CLANG_ENABLE_OBJC_WEAK = YES;
				CLANG_WARN_BLOCK_CAPTURE_AUTORELEASING = YES;
				CLANG_WARN_BOOL_CONVERSION = YES;
				CLANG_WARN_COMMA = YES;
				CLANG_WARN_CONSTANT_CONVERSION = YES;
				CLANG_WARN_DEPRECATED_OBJC_IMPLEMENTATIONS = YES;
				CLANG_WARN_DIRECT_OBJC_ISA_USAGE = YES_ERROR;
				CLANG_WARN_DOCUMENTATION_COMMENTS = YES;
				CLANG_WARN_EMPTY_BODY = YES;
				CLANG_WARN_ENUM_CONVERSION = YES;
				CLANG_WARN_INFINITE_RECURSION = YES;
				CLANG_WARN_INT_CONVERSION = YES;
				CLANG_WARN_NON_LITERAL_NULL_CONVERSION = YES;
				CLANG_WARN_OBJC_IMPLICIT_RETAIN_SELF = YES;
				CLANG_WARN_OBJC_LITERAL_CONVERSION = YES;
				CLANG_WARN_OBJC_ROOT_CLASS = YES_ERROR;
				CLANG_WARN_RANGE_LOOP_ANALYSIS = YES;
				CLANG_WARN_STRICT_PROTOTYPES = YES;
				CLANG_WARN_SUSPICIOUS_MOVE = YES;
				CLANG_WARN_UNGUARDED_AVAILABILITY = YES_AGGRESSIVE;
				CLANG_WARN_UNREACHABLE_CODE = YES;
				CLANG_WARN__DUPLICATE_METHOD_MATCH = YES;
				CODE_SIGN_IDENTITY = "iPhone Developer";
				COPY_PHASE_STRIP = NO;
				DEBUG_INFORMATION_FORMAT = dwarf;
				ENABLE_STRICT_OBJC_MSGSEND = YES;
				ENABLE_TESTABILITY = YES;
				GCC_C_LANGUAGE_STANDARD = gnu11;
				GCC_DYNAMIC_NO_PIC = NO;
				GCC_NO_COMMON_BLOCKS = YES;
				GCC_OPTIMIZATION_LEVEL = 0;
				GCC_PREPROCESSOR_DEFINITIONS = (
					"DEBUG=1",
					"$(inherited)",
				);
				GCC_WARN_64_TO_32_BIT_CONVERSION = YES;
				GCC_WARN_ABOUT_RETURN_TYPE = YES_ERROR;
				GCC_WARN_UNDECLARED_SELECTOR = YES;
				GCC_WARN_UNINITIALIZED_AUTOS = YES_AGGRESSIVE;
				GCC_WARN_UNUSED_FUNCTION = YES;
				GCC_WARN_UNUSED_VARIABLE = YES;
				IPHONEOS_DEPLOYMENT_TARGET = 11.4;
				MTL_ENABLE_DEBUG_INFO = YES;
				ONLY_ACTIVE_ARCH = YES;
				SDKROOT = iphoneos;
			};
			name = Debug;
		};
		76FA7D5E20D3BF2D00845BD0 /* Release */ = {
			isa = XCBuildConfiguration;
			buildSettings = {
				ALWAYS_SEARCH_USER_PATHS = NO;
				CLANG_ANALYZER_NONNULL = YES;
				CLANG_ANALYZER_NUMBER_OBJECT_CONVERSION = YES_AGGRESSIVE;
				CLANG_CXX_LANGUAGE_STANDARD = "gnu++14";
				CLANG_CXX_LIBRARY = "libc++";
				CLANG_ENABLE_MODULES = YES;
				CLANG_ENABLE_OBJC_ARC = YES;
				CLANG_ENABLE_OBJC_WEAK = YES;
				CLANG_WARN_BLOCK_CAPTURE_AUTORELEASING = YES;
				CLANG_WARN_BOOL_CONVERSION = YES;
				CLANG_WARN_COMMA = YES;
				CLANG_WARN_CONSTANT_CONVERSION = YES;
				CLANG_WARN_DEPRECATED_OBJC_IMPLEMENTATIONS = YES;
				CLANG_WARN_DIRECT_OBJC_ISA_USAGE = YES_ERROR;
				CLANG_WARN_DOCUMENTATION_COMMENTS = YES;
				CLANG_WARN_EMPTY_BODY = YES;
				CLANG_WARN_ENUM_CONVERSION = YES;
				CLANG_WARN_INFINITE_RECURSION = YES;
				CLANG_WARN_INT_CONVERSION = YES;
				CLANG_WARN_NON_LITERAL_NULL_CONVERSION = YES;
				CLANG_WARN_OBJC_IMPLICIT_RETAIN_SELF = YES;
				CLANG_WARN_OBJC_LITERAL_CONVERSION = YES;
				CLANG_WARN_OBJC_ROOT_CLASS = YES_ERROR;
				CLANG_WARN_RANGE_LOOP_ANALYSIS = YES;
				CLANG_WARN_STRICT_PROTOTYPES = YES;
				CLANG_WARN_SUSPICIOUS_MOVE = YES;
				CLANG_WARN_UNGUARDED_AVAILABILITY = YES_AGGRESSIVE;
				CLANG_WARN_UNREACHABLE_CODE = YES;
				CLANG_WARN__DUPLICATE_METHOD_MATCH = YES;
				CODE_SIGN_IDENTITY = "iPhone Developer";
				COPY_PHASE_STRIP = NO;
				DEBUG_INFORMATION_FORMAT = "dwarf-with-dsym";
				ENABLE_NS_ASSERTIONS = NO;
				ENABLE_STRICT_OBJC_MSGSEND = YES;
				GCC_C_LANGUAGE_STANDARD = gnu11;
				GCC_NO_COMMON_BLOCKS = YES;
				GCC_WARN_64_TO_32_BIT_CONVERSION = YES;
				GCC_WARN_ABOUT_RETURN_TYPE = YES_ERROR;
				GCC_WARN_UNDECLARED_SELECTOR = YES;
				GCC_WARN_UNINITIALIZED_AUTOS = YES_AGGRESSIVE;
				GCC_WARN_UNUSED_FUNCTION = YES;
				GCC_WARN_UNUSED_VARIABLE = YES;
				IPHONEOS_DEPLOYMENT_TARGET = 11.4;
				MTL_ENABLE_DEBUG_INFO = NO;
				SDKROOT = iphoneos;
				VALIDATE_PRODUCT = YES;
			};
			name = Release;
		};
		76FA7D6020D3BF2D00845BD0 /* Debug */ = {
			isa = XCBuildConfiguration;
			buildSettings = {
				ASSETCATALOG_COMPILER_APPICON_NAME = AppIcon;
				CODE_SIGN_STYLE = Automatic;
				DEVELOPMENT_TEAM = 693F536PET;
				INFOPLIST_FILE = ViperSample/Info.plist;
				LD_RUNPATH_SEARCH_PATHS = (
					"$(inherited)",
					"@executable_path/Frameworks",
				);
				PRODUCT_BUNDLE_IDENTIFIER = com.viper.ViperSample;
				PRODUCT_NAME = "$(TARGET_NAME)";
				TARGETED_DEVICE_FAMILY = "1,2";
			};
			name = Debug;
		};
		76FA7D6120D3BF2D00845BD0 /* Release */ = {
			isa = XCBuildConfiguration;
			buildSettings = {
				ASSETCATALOG_COMPILER_APPICON_NAME = AppIcon;
				CODE_SIGN_STYLE = Automatic;
				DEVELOPMENT_TEAM = 693F536PET;
				INFOPLIST_FILE = ViperSample/Info.plist;
				LD_RUNPATH_SEARCH_PATHS = (
					"$(inherited)",
					"@executable_path/Frameworks",
				);
				PRODUCT_BUNDLE_IDENTIFIER = com.viper.ViperSample;
				PRODUCT_NAME = "$(TARGET_NAME)";
				TARGETED_DEVICE_FAMILY = "1,2";
			};
			name = Release;
		};
/* End XCBuildConfiguration section */

/* Begin XCConfigurationList section */
		76FA7D4420D3BF2B00845BD0 /* Build configuration list for PBXProject "ViperSample" */ = {
			isa = XCConfigurationList;
			buildConfigurations = (
				76FA7D5D20D3BF2D00845BD0 /* Debug */,
				76FA7D5E20D3BF2D00845BD0 /* Release */,
			);
			defaultConfigurationIsVisible = 0;
			defaultConfigurationName = Release;
		};
		76FA7D5F20D3BF2D00845BD0 /* Build configuration list for PBXNativeTarget "ViperSample" */ = {
			isa = XCConfigurationList;
			buildConfigurations = (
				76FA7D6020D3BF2D00845BD0 /* Debug */,
				76FA7D6120D3BF2D00845BD0 /* Release */,
			);
			defaultConfigurationIsVisible = 0;
			defaultConfigurationName = Release;
		};
/* End XCConfigurationList section */
	};
	rootObject = 76FA7D4120D3BF2B00845BD0 /* Project object */;
}
